<Solution>
  <Folder Name="/.azure/">
    <File Path="azure-pipelines-development.yml" />
    <File Path="azure-pipelines-production.yml" />
    <File Path="azure-pipelines-test.yml" />
  </Folder>
  <Folder Name="/.config/">
    <File Path=".editorconfig" />
    <File Path=".gitignore" />
    <File Path="Directory.Packages.props" />
    <File Path="nuget.config" />
  </Folder>
  <Folder Name="/.docs/">
    <File Path="DomainEvents.png" />
    <File Path="README.md" />
    <File Path="SolutionStructure.png" />
  </Folder>
  <Folder Name="/.scripts/">
    <File Path="Clean-Solution.ps1" />
    <File Path="Verify-Package-Versions.ps1" />
  </Folder>
  <Folder Name="/src/">
    <Project Path="Wrak.CleanArchitecture.Core/Wrak.CleanArchitecture.Core.csproj" />
    <Project Path="Wrak.CleanArchitecture.Infrastructure/Wrak.CleanArchitecture.Infrastructure.csproj" />
    <Project Path="Wrak.CleanArchitecture.Web/Wrak.CleanArchitecture.Web.csproj" DefaultStartup="true" />
  </Folder>
  <Folder Name="/tests/">
    <Project Path="Wrak.CleanArchitecture.FunctionalTests/Wrak.CleanArchitecture.FunctionalTests.csproj" />
    <Project Path="Wrak.CleanArchitecture.IntegrationTests/Wrak.CleanArchitecture.IntegrationTests.csproj" />
    <Project Path="Wrak.CleanArchitecture.UnitTests/Wrak.CleanArchitecture.UnitTests.csproj" />
  </Folder>
</Solution>
